
Microsoft Visual Studio Solution File, Format Version 12.00
# Visual Studio Version 16
VisualStudioVersion = 16.0.30128.36
MinimumVisualStudioVersion = 10.0.40219.1
Project("{FAE04EC0-301F-11D3-BF4B-00C04F79EFBC}") = "Hive", "Hive\Hive.csproj", "{8B200BA9-DF61-45A4-A94B-805CA8B8C3B1}"
EndProject
Global
	GlobalSection(SolutionConfigurationPlatforms) = preSolution
		Debug|Any CPU = Debug|Any CPU
		Release|Any CPU = Release|Any CPU
	EndGlobalSection
	GlobalSection(ProjectConfigurationPlatforms) = postSolution
		{8B200BA9-DF61-45A4-A94B-805CA8B8C3B1}.Debug|Any CPU.ActiveCfg = Debug|Any CPU
		{8B200BA9-DF61-45A4-A94B-805CA8B8C3B1}.Debug|Any CPU.Build.0 = Debug|Any CPU
		{8B200BA9-DF61-45A4-A94B-805CA8B8C3B1}.Release|Any CPU.ActiveCfg = Release|Any CPU
		{8B200BA9-DF61-45A4-A94B-805CA8B8C3B1}.Release|Any CPU.Build.0 = Release|Any CPU
	EndGlobalSection
	GlobalSection(SolutionProperties) = preSolution
		HideSolutionNode = FALSE
	EndGlobalSection
	GlobalSection(ExtensibilityGlobals) = postSolution
		SolutionGuid = {A1B8AB62-9337-448C-9043-E0DEDB6A4DE9}
	EndGlobalSection
EndGlobal
