
Microsoft Visual Studio Solution File, Format Version 12.00
# Visual Studio Version 16
VisualStudioVersion = 16.0.30128.36
MinimumVisualStudioVersion = 10.0.40219.1
Project("{9A19103F-16F7-4668-BE54-9A1E7A4F7556}") = "Hive", "Hive\Hive.csproj", "{8B200BA9-DF61-45A4-A94B-805CA8B8C3B1}"
EndProject
Project("{9A19103F-16F7-4668-BE54-9A1E7A4F7556}") = "Hive.Permissions", "Hive.Permissions\Hive.Permissions.csproj", "{1A05BBA5-7C7E-4EEF-A53D-3A1900B6899E}"
EndProject
Project("{9A19103F-16F7-4668-BE54-9A1E7A4F7556}") = "Hive.Permissions.Tests", "Hive.Permissions.Tests\Hive.Permissions.Tests.csproj", "{7043FF4B-1731-48A6-BC0D-6BE7BB8224B5}"
EndProject
Project("{2150E333-8FDC-42A3-9474-1A3956D46DE8}") = "Solution Items", "Solution Items", "{359F68C9-18C8-435C-9573-A5C7CBD0ADE0}"
	ProjectSection(SolutionItems) = preProject
		Directory.Build.targets = Directory.Build.targets
		Hive.props = Hive.props
		nuget.config = nuget.config
	EndProjectSection
EndProject
Project("{9A19103F-16F7-4668-BE54-9A1E7A4F7556}") = "Hive.Utilities", "Hive.Utilities\Hive.Utilities.csproj", "{3C265E15-AFDF-47B1-9893-7957F9A43818}"
EndProject
Project("{9A19103F-16F7-4668-BE54-9A1E7A4F7556}") = "Hive.Utilities.Tests", "Hive.Utilities.Tests\Hive.Utilities.Tests.csproj", "{00BDAD95-46B2-4518-80FA-E6EC7CAD3FA3}"
EndProject
Project("{6EC3EE1D-3C4E-46DD-8F32-0CC8E7565705}") = "Hive.Dependencies", "Hive.Dependencies\Hive.Dependencies.fsproj", "{14DA7AF2-7B06-4E06-864E-0284269D9655}"
EndProject
Project("{9A19103F-16F7-4668-BE54-9A1E7A4F7556}") = "Hive.Dependencies.Tests", "Hive.Dependencies.Tests\Hive.Dependencies.Tests.csproj", "{9086B6A4-8162-4CEC-B05A-D3222542EC4A}"
EndProject
Project("{9A19103F-16F7-4668-BE54-9A1E7A4F7556}") = "Hive.Versioning", "Hive.Versioning\Hive.Versioning.csproj", "{67415FB4-6200-4DEA-BEC1-10D7C3B1399D}"
EndProject
Project("{9A19103F-16F7-4668-BE54-9A1E7A4F7556}") = "Hive.Versioning.Tests", "Hive.Versioning.Tests\Hive.Versioning.Tests.csproj", "{E07BC8F2-00B7-4E6E-BC44-3007421A9831}"
EndProject
Project("{9A19103F-16F7-4668-BE54-9A1E7A4F7556}") = "Hive.Versioning.Fuzz", "Hive.Versioning.Fuzz\Hive.Versioning.Fuzz.csproj", "{6AADF57E-7EBA-4A89-81C5-3C8AF3A58605}"
EndProject
Global
	GlobalSection(SolutionConfigurationPlatforms) = preSolution
		Debug|Any CPU = Debug|Any CPU
		Release|Any CPU = Release|Any CPU
	EndGlobalSection
	GlobalSection(ProjectConfigurationPlatforms) = postSolution
		{8B200BA9-DF61-45A4-A94B-805CA8B8C3B1}.Debug|Any CPU.ActiveCfg = Debug|Any CPU
		{8B200BA9-DF61-45A4-A94B-805CA8B8C3B1}.Debug|Any CPU.Build.0 = Debug|Any CPU
		{8B200BA9-DF61-45A4-A94B-805CA8B8C3B1}.Release|Any CPU.ActiveCfg = Release|Any CPU
		{8B200BA9-DF61-45A4-A94B-805CA8B8C3B1}.Release|Any CPU.Build.0 = Release|Any CPU
		{1A05BBA5-7C7E-4EEF-A53D-3A1900B6899E}.Debug|Any CPU.ActiveCfg = Debug|Any CPU
		{1A05BBA5-7C7E-4EEF-A53D-3A1900B6899E}.Debug|Any CPU.Build.0 = Debug|Any CPU
		{1A05BBA5-7C7E-4EEF-A53D-3A1900B6899E}.Release|Any CPU.ActiveCfg = Release|Any CPU
		{1A05BBA5-7C7E-4EEF-A53D-3A1900B6899E}.Release|Any CPU.Build.0 = Release|Any CPU
		{7043FF4B-1731-48A6-BC0D-6BE7BB8224B5}.Debug|Any CPU.ActiveCfg = Debug|Any CPU
		{7043FF4B-1731-48A6-BC0D-6BE7BB8224B5}.Debug|Any CPU.Build.0 = Debug|Any CPU
		{7043FF4B-1731-48A6-BC0D-6BE7BB8224B5}.Release|Any CPU.ActiveCfg = Release|Any CPU
		{7043FF4B-1731-48A6-BC0D-6BE7BB8224B5}.Release|Any CPU.Build.0 = Release|Any CPU
		{3C265E15-AFDF-47B1-9893-7957F9A43818}.Debug|Any CPU.ActiveCfg = Debug|Any CPU
		{3C265E15-AFDF-47B1-9893-7957F9A43818}.Debug|Any CPU.Build.0 = Debug|Any CPU
		{3C265E15-AFDF-47B1-9893-7957F9A43818}.Release|Any CPU.ActiveCfg = Release|Any CPU
		{3C265E15-AFDF-47B1-9893-7957F9A43818}.Release|Any CPU.Build.0 = Release|Any CPU
		{00BDAD95-46B2-4518-80FA-E6EC7CAD3FA3}.Debug|Any CPU.ActiveCfg = Debug|Any CPU
		{00BDAD95-46B2-4518-80FA-E6EC7CAD3FA3}.Debug|Any CPU.Build.0 = Debug|Any CPU
		{00BDAD95-46B2-4518-80FA-E6EC7CAD3FA3}.Release|Any CPU.ActiveCfg = Release|Any CPU
		{00BDAD95-46B2-4518-80FA-E6EC7CAD3FA3}.Release|Any CPU.Build.0 = Release|Any CPU
		{14DA7AF2-7B06-4E06-864E-0284269D9655}.Debug|Any CPU.ActiveCfg = Debug|Any CPU
		{14DA7AF2-7B06-4E06-864E-0284269D9655}.Debug|Any CPU.Build.0 = Debug|Any CPU
		{14DA7AF2-7B06-4E06-864E-0284269D9655}.Release|Any CPU.ActiveCfg = Release|Any CPU
		{14DA7AF2-7B06-4E06-864E-0284269D9655}.Release|Any CPU.Build.0 = Release|Any CPU
		{9086B6A4-8162-4CEC-B05A-D3222542EC4A}.Debug|Any CPU.ActiveCfg = Debug|Any CPU
		{9086B6A4-8162-4CEC-B05A-D3222542EC4A}.Debug|Any CPU.Build.0 = Debug|Any CPU
		{9086B6A4-8162-4CEC-B05A-D3222542EC4A}.Release|Any CPU.ActiveCfg = Release|Any CPU
		{9086B6A4-8162-4CEC-B05A-D3222542EC4A}.Release|Any CPU.Build.0 = Release|Any CPU
		{67415FB4-6200-4DEA-BEC1-10D7C3B1399D}.Debug|Any CPU.ActiveCfg = Debug|Any CPU
		{67415FB4-6200-4DEA-BEC1-10D7C3B1399D}.Debug|Any CPU.Build.0 = Debug|Any CPU
		{67415FB4-6200-4DEA-BEC1-10D7C3B1399D}.Release|Any CPU.ActiveCfg = Release|Any CPU
		{67415FB4-6200-4DEA-BEC1-10D7C3B1399D}.Release|Any CPU.Build.0 = Release|Any CPU
		{E07BC8F2-00B7-4E6E-BC44-3007421A9831}.Debug|Any CPU.ActiveCfg = Debug|Any CPU
		{E07BC8F2-00B7-4E6E-BC44-3007421A9831}.Debug|Any CPU.Build.0 = Debug|Any CPU
		{E07BC8F2-00B7-4E6E-BC44-3007421A9831}.Release|Any CPU.ActiveCfg = Release|Any CPU
		{E07BC8F2-00B7-4E6E-BC44-3007421A9831}.Release|Any CPU.Build.0 = Release|Any CPU
		{6AADF57E-7EBA-4A89-81C5-3C8AF3A58605}.Debug|Any CPU.ActiveCfg = Debug|Any CPU
		{6AADF57E-7EBA-4A89-81C5-3C8AF3A58605}.Debug|Any CPU.Build.0 = Debug|Any CPU
		{6AADF57E-7EBA-4A89-81C5-3C8AF3A58605}.Release|Any CPU.ActiveCfg = Release|Any CPU
		{6AADF57E-7EBA-4A89-81C5-3C8AF3A58605}.Release|Any CPU.Build.0 = Release|Any CPU
	EndGlobalSection
	GlobalSection(SolutionProperties) = preSolution
		HideSolutionNode = FALSE
	EndGlobalSection
	GlobalSection(ExtensibilityGlobals) = postSolution
		SolutionGuid = {A1B8AB62-9337-448C-9043-E0DEDB6A4DE9}
	EndGlobalSection
EndGlobal
