
Microsoft Visual Studio Solution File, Format Version 12.00
# Visual Studio Version 17
VisualStudioVersion = 17.0.31512.422
MinimumVisualStudioVersion = 10.0.40219.1
Project("{9A19103F-16F7-4668-BE54-9A1E7A4F7556}") = "Hive", "src\Hive\Hive.csproj", "{8B200BA9-DF61-45A4-A94B-805CA8B8C3B1}"
EndProject
Project("{9A19103F-16F7-4668-BE54-9A1E7A4F7556}") = "Hive.Permissions", "src\Hive.Permissions\Hive.Permissions.csproj", "{1A05BBA5-7C7E-4EEF-A53D-3A1900B6899E}"
EndProject
Project("{9A19103F-16F7-4668-BE54-9A1E7A4F7556}") = "Hive.Permissions.Tests", "src\Hive.Permissions.Tests\Hive.Permissions.Tests.csproj", "{7043FF4B-1731-48A6-BC0D-6BE7BB8224B5}"
EndProject
Project("{2150E333-8FDC-42A3-9474-1A3956D46DE8}") = "Solution Items", "Solution Items", "{359F68C9-18C8-435C-9573-A5C7CBD0ADE0}"
	ProjectSection(SolutionItems) = preProject
		.editorconfig = .editorconfig
		buildPackages.ps1 = buildPackages.ps1
		.github\CODEOWNERS = .github\CODEOWNERS
		coverlet.runsettings = coverlet.runsettings
		Directory.Build.props = Directory.Build.props
		Directory.Build.targets = Directory.Build.targets
		.github\workflows\docker.yml = .github\workflows\docker.yml
		Dockerfile = Dockerfile
		.github\workflows\dotnet-core.yml = .github\workflows\dotnet-core.yml
		FCC_UpdateCoverlet.ps1 = FCC_UpdateCoverlet.ps1
		NuGet.config = NuGet.config
		README.md = README.md
	EndProjectSection
EndProject
Project("{9A19103F-16F7-4668-BE54-9A1E7A4F7556}") = "Hive.Utilities", "src\Hive.Utilities\Hive.Utilities.csproj", "{3C265E15-AFDF-47B1-9893-7957F9A43818}"
EndProject
Project("{9A19103F-16F7-4668-BE54-9A1E7A4F7556}") = "Hive.Utilities.Tests", "src\Hive.Utilities.Tests\Hive.Utilities.Tests.csproj", "{00BDAD95-46B2-4518-80FA-E6EC7CAD3FA3}"
EndProject
Project("{6EC3EE1D-3C4E-46DD-8F32-0CC8E7565705}") = "Hive.Dependencies", "src\Hive.Dependencies\Hive.Dependencies.fsproj", "{14DA7AF2-7B06-4E06-864E-0284269D9655}"
EndProject
Project("{9A19103F-16F7-4668-BE54-9A1E7A4F7556}") = "Hive.Dependencies.Tests", "src\Hive.Dependencies.Tests\Hive.Dependencies.Tests.csproj", "{9086B6A4-8162-4CEC-B05A-D3222542EC4A}"
EndProject
Project("{9A19103F-16F7-4668-BE54-9A1E7A4F7556}") = "Hive.Versioning", "src\Hive.Versioning\Hive.Versioning.csproj", "{67415FB4-6200-4DEA-BEC1-10D7C3B1399D}"
EndProject
Project("{9A19103F-16F7-4668-BE54-9A1E7A4F7556}") = "Hive.Versioning.Tests", "src\Hive.Versioning.Tests\Hive.Versioning.Tests.csproj", "{E07BC8F2-00B7-4E6E-BC44-3007421A9831}"
EndProject
Project("{9A19103F-16F7-4668-BE54-9A1E7A4F7556}") = "Hive.Versioning.Fuzz", "src\Hive.Versioning.Fuzz\Hive.Versioning.Fuzz.csproj", "{6AADF57E-7EBA-4A89-81C5-3C8AF3A58605}"
EndProject
Project("{9A19103F-16F7-4668-BE54-9A1E7A4F7556}") = "Hive.Tests", "src\Hive.Tests\Hive.Tests.csproj", "{FC9760DF-50AA-4FEC-A0F4-64DB4767EB4F}"
EndProject
Project("{9A19103F-16F7-4668-BE54-9A1E7A4F7556}") = "Hive.Plugins", "src\Hive.Plugins\Hive.Plugins.csproj", "{FEB62848-1C44-4ED3-B357-A5540B59C370}"
EndProject
Project("{2150E333-8FDC-42A3-9474-1A3956D46DE8}") = "CodeGen", "CodeGen", "{418DF181-8405-4B69-8B32-FBEEFACADAC6}"
EndProject
Project("{9A19103F-16F7-4668-BE54-9A1E7A4F7556}") = "Hive.CodeGen", "src\CodeGen\Hive.CodeGen\Hive.CodeGen.csproj", "{D14CCA86-C8FA-4F96-A92B-9CF454C485B1}"
EndProject
Project("{9A19103F-16F7-4668-BE54-9A1E7A4F7556}") = "Hive.CodeGen.Attributes", "src\CodeGen\Hive.CodeGen.Attributes\Hive.CodeGen.Attributes.csproj", "{585E184E-0F14-4456-B542-9AECFAB96A15}"
EndProject
Project("{9A19103F-16F7-4668-BE54-9A1E7A4F7556}") = "Hive.Analyzers", "src\Hive.Analyzers\Hive.Analyzers.csproj", "{19C11291-D96B-4607-BA44-CC32FA0E8641}"
EndProject
Project("{9A19103F-16F7-4668-BE54-9A1E7A4F7556}") = "Hive.Plugins.Tests", "src\Hive.Plugins.Tests\Hive.Plugins.Tests.csproj", "{486CEBA1-EDF4-4493-B81F-A485AA00B64C}"
EndProject
Project("{9A19103F-16F7-4668-BE54-9A1E7A4F7556}") = "Hive.Plugins.Tests.TestPlugin", "src\Hive.Plugins.Tests.TestPlugin\Hive.Plugins.Tests.TestPlugin.csproj", "{35D283E6-B9A8-4EF7-99A0-555DBB741FEA}"
EndProject
Project("{9A19103F-16F7-4668-BE54-9A1E7A4F7556}") = "Hive.Plugin.Sdk", "src\PluginSDK\Hive.Plugin.Sdk\Hive.Plugin.Sdk.csproj", "{DC562194-EB4D-48F2-B96D-52716D526AB8}"
EndProject
Project("{2150E333-8FDC-42A3-9474-1A3956D46DE8}") = "tools", "tools", "{C6CF4A49-70F0-47B5-993D-A782197BE815}"
	ProjectSection(SolutionItems) = preProject
		tools\_Build.props = tools\_Build.props
		tools\_Build.targets = tools\_Build.targets
		tools\_EmptyProjectForILRepack.targets = tools\_EmptyProjectForILRepack.targets
		tools\Artifacts.props = tools\Artifacts.props
		tools\InternalsVisibleToItemGroup.targets = tools\InternalsVisibleToItemGroup.targets
		tools\LiteralAssemblyAttributeItemGroup.targets = tools\LiteralAssemblyAttributeItemGroup.targets
		tools\MSBuildVersionCheck.targets = tools\MSBuildVersionCheck.targets
		tools\NuGetInfo.props = tools\NuGetInfo.props
		tools\Packaging.props = tools\Packaging.props
		tools\Packaging.targets = tools\Packaging.targets
		tools\SdkGetProperty.targets = tools\SdkGetProperty.targets
		tools\SharedProps.props = tools\SharedProps.props
		tools\SharedProps.targets = tools\SharedProps.targets
		tools\VSDocEditing.props = tools\VSDocEditing.props
		tools\VSDocReadme.md = tools\VSDocReadme.md
	EndProjectSection
EndProject
Project("{9A19103F-16F7-4668-BE54-9A1E7A4F7556}") = "Hive.Plugin.Template", "src\PluginSDK\Hive.Plugin.Template\Hive.Plugin.Template.csproj", "{98CC10C4-2AFE-4C46-AB85-B7DCB503B48A}"
EndProject
Project("{2150E333-8FDC-42A3-9474-1A3956D46DE8}") = "PluginSDK", "PluginSDK", "{B7EB5CD3-41B5-4666-89BD-E3565DA18744}"
EndProject
Project("{2150E333-8FDC-42A3-9474-1A3956D46DE8}") = "analyzers", "analyzers", "{C575A73C-5846-44B8-9420-493D82B900DD}"
	ProjectSection(SolutionItems) = preProject
		tools\analyzers\install.ps1 = tools\analyzers\install.ps1
		tools\analyzers\uninstall.ps1 = tools\analyzers\uninstall.ps1
	EndProjectSection
EndProject
Global
	GlobalSection(SolutionConfigurationPlatforms) = preSolution
		Debug|Any CPU = Debug|Any CPU
		Release|Any CPU = Release|Any CPU
	EndGlobalSection
	GlobalSection(ProjectConfigurationPlatforms) = postSolution
		{8B200BA9-DF61-45A4-A94B-805CA8B8C3B1}.Debug|Any CPU.ActiveCfg = Debug|Any CPU
		{8B200BA9-DF61-45A4-A94B-805CA8B8C3B1}.Debug|Any CPU.Build.0 = Debug|Any CPU
		{8B200BA9-DF61-45A4-A94B-805CA8B8C3B1}.Release|Any CPU.ActiveCfg = Release|Any CPU
		{8B200BA9-DF61-45A4-A94B-805CA8B8C3B1}.Release|Any CPU.Build.0 = Release|Any CPU
		{1A05BBA5-7C7E-4EEF-A53D-3A1900B6899E}.Debug|Any CPU.ActiveCfg = Debug|Any CPU
		{1A05BBA5-7C7E-4EEF-A53D-3A1900B6899E}.Debug|Any CPU.Build.0 = Debug|Any CPU
		{1A05BBA5-7C7E-4EEF-A53D-3A1900B6899E}.Release|Any CPU.ActiveCfg = Release|Any CPU
		{1A05BBA5-7C7E-4EEF-A53D-3A1900B6899E}.Release|Any CPU.Build.0 = Release|Any CPU
		{7043FF4B-1731-48A6-BC0D-6BE7BB8224B5}.Debug|Any CPU.ActiveCfg = Debug|Any CPU
		{7043FF4B-1731-48A6-BC0D-6BE7BB8224B5}.Debug|Any CPU.Build.0 = Debug|Any CPU
		{7043FF4B-1731-48A6-BC0D-6BE7BB8224B5}.Release|Any CPU.ActiveCfg = Release|Any CPU
		{7043FF4B-1731-48A6-BC0D-6BE7BB8224B5}.Release|Any CPU.Build.0 = Release|Any CPU
		{3C265E15-AFDF-47B1-9893-7957F9A43818}.Debug|Any CPU.ActiveCfg = Debug|Any CPU
		{3C265E15-AFDF-47B1-9893-7957F9A43818}.Debug|Any CPU.Build.0 = Debug|Any CPU
		{3C265E15-AFDF-47B1-9893-7957F9A43818}.Release|Any CPU.ActiveCfg = Release|Any CPU
		{3C265E15-AFDF-47B1-9893-7957F9A43818}.Release|Any CPU.Build.0 = Release|Any CPU
		{00BDAD95-46B2-4518-80FA-E6EC7CAD3FA3}.Debug|Any CPU.ActiveCfg = Debug|Any CPU
		{00BDAD95-46B2-4518-80FA-E6EC7CAD3FA3}.Debug|Any CPU.Build.0 = Debug|Any CPU
		{00BDAD95-46B2-4518-80FA-E6EC7CAD3FA3}.Release|Any CPU.ActiveCfg = Release|Any CPU
		{00BDAD95-46B2-4518-80FA-E6EC7CAD3FA3}.Release|Any CPU.Build.0 = Release|Any CPU
		{14DA7AF2-7B06-4E06-864E-0284269D9655}.Debug|Any CPU.ActiveCfg = Debug|Any CPU
		{14DA7AF2-7B06-4E06-864E-0284269D9655}.Debug|Any CPU.Build.0 = Debug|Any CPU
		{14DA7AF2-7B06-4E06-864E-0284269D9655}.Release|Any CPU.ActiveCfg = Release|Any CPU
		{14DA7AF2-7B06-4E06-864E-0284269D9655}.Release|Any CPU.Build.0 = Release|Any CPU
		{9086B6A4-8162-4CEC-B05A-D3222542EC4A}.Debug|Any CPU.ActiveCfg = Debug|Any CPU
		{9086B6A4-8162-4CEC-B05A-D3222542EC4A}.Debug|Any CPU.Build.0 = Debug|Any CPU
		{9086B6A4-8162-4CEC-B05A-D3222542EC4A}.Release|Any CPU.ActiveCfg = Release|Any CPU
		{9086B6A4-8162-4CEC-B05A-D3222542EC4A}.Release|Any CPU.Build.0 = Release|Any CPU
		{67415FB4-6200-4DEA-BEC1-10D7C3B1399D}.Debug|Any CPU.ActiveCfg = Debug|Any CPU
		{67415FB4-6200-4DEA-BEC1-10D7C3B1399D}.Debug|Any CPU.Build.0 = Debug|Any CPU
		{67415FB4-6200-4DEA-BEC1-10D7C3B1399D}.Release|Any CPU.ActiveCfg = Release|Any CPU
		{67415FB4-6200-4DEA-BEC1-10D7C3B1399D}.Release|Any CPU.Build.0 = Release|Any CPU
		{E07BC8F2-00B7-4E6E-BC44-3007421A9831}.Debug|Any CPU.ActiveCfg = Debug|Any CPU
		{E07BC8F2-00B7-4E6E-BC44-3007421A9831}.Debug|Any CPU.Build.0 = Debug|Any CPU
		{E07BC8F2-00B7-4E6E-BC44-3007421A9831}.Release|Any CPU.ActiveCfg = Release|Any CPU
		{E07BC8F2-00B7-4E6E-BC44-3007421A9831}.Release|Any CPU.Build.0 = Release|Any CPU
		{6AADF57E-7EBA-4A89-81C5-3C8AF3A58605}.Debug|Any CPU.ActiveCfg = Debug|Any CPU
		{6AADF57E-7EBA-4A89-81C5-3C8AF3A58605}.Debug|Any CPU.Build.0 = Debug|Any CPU
		{6AADF57E-7EBA-4A89-81C5-3C8AF3A58605}.Release|Any CPU.ActiveCfg = Release|Any CPU
		{6AADF57E-7EBA-4A89-81C5-3C8AF3A58605}.Release|Any CPU.Build.0 = Release|Any CPU
		{FC9760DF-50AA-4FEC-A0F4-64DB4767EB4F}.Debug|Any CPU.ActiveCfg = Debug|Any CPU
		{FC9760DF-50AA-4FEC-A0F4-64DB4767EB4F}.Debug|Any CPU.Build.0 = Debug|Any CPU
		{FC9760DF-50AA-4FEC-A0F4-64DB4767EB4F}.Release|Any CPU.ActiveCfg = Release|Any CPU
		{FC9760DF-50AA-4FEC-A0F4-64DB4767EB4F}.Release|Any CPU.Build.0 = Release|Any CPU
		{FEB62848-1C44-4ED3-B357-A5540B59C370}.Debug|Any CPU.ActiveCfg = Debug|Any CPU
		{FEB62848-1C44-4ED3-B357-A5540B59C370}.Debug|Any CPU.Build.0 = Debug|Any CPU
		{FEB62848-1C44-4ED3-B357-A5540B59C370}.Release|Any CPU.ActiveCfg = Release|Any CPU
		{FEB62848-1C44-4ED3-B357-A5540B59C370}.Release|Any CPU.Build.0 = Release|Any CPU
		{D14CCA86-C8FA-4F96-A92B-9CF454C485B1}.Debug|Any CPU.ActiveCfg = Debug|Any CPU
		{D14CCA86-C8FA-4F96-A92B-9CF454C485B1}.Debug|Any CPU.Build.0 = Debug|Any CPU
		{D14CCA86-C8FA-4F96-A92B-9CF454C485B1}.Release|Any CPU.ActiveCfg = Release|Any CPU
		{D14CCA86-C8FA-4F96-A92B-9CF454C485B1}.Release|Any CPU.Build.0 = Release|Any CPU
		{585E184E-0F14-4456-B542-9AECFAB96A15}.Debug|Any CPU.ActiveCfg = Debug|Any CPU
		{585E184E-0F14-4456-B542-9AECFAB96A15}.Debug|Any CPU.Build.0 = Debug|Any CPU
		{585E184E-0F14-4456-B542-9AECFAB96A15}.Release|Any CPU.ActiveCfg = Release|Any CPU
		{585E184E-0F14-4456-B542-9AECFAB96A15}.Release|Any CPU.Build.0 = Release|Any CPU
		{19C11291-D96B-4607-BA44-CC32FA0E8641}.Debug|Any CPU.ActiveCfg = Debug|Any CPU
		{19C11291-D96B-4607-BA44-CC32FA0E8641}.Debug|Any CPU.Build.0 = Debug|Any CPU
		{19C11291-D96B-4607-BA44-CC32FA0E8641}.Release|Any CPU.ActiveCfg = Release|Any CPU
		{19C11291-D96B-4607-BA44-CC32FA0E8641}.Release|Any CPU.Build.0 = Release|Any CPU
		{486CEBA1-EDF4-4493-B81F-A485AA00B64C}.Debug|Any CPU.ActiveCfg = Debug|Any CPU
		{486CEBA1-EDF4-4493-B81F-A485AA00B64C}.Debug|Any CPU.Build.0 = Debug|Any CPU
		{486CEBA1-EDF4-4493-B81F-A485AA00B64C}.Release|Any CPU.ActiveCfg = Release|Any CPU
		{486CEBA1-EDF4-4493-B81F-A485AA00B64C}.Release|Any CPU.Build.0 = Release|Any CPU
		{35D283E6-B9A8-4EF7-99A0-555DBB741FEA}.Debug|Any CPU.ActiveCfg = Debug|Any CPU
		{35D283E6-B9A8-4EF7-99A0-555DBB741FEA}.Debug|Any CPU.Build.0 = Debug|Any CPU
		{35D283E6-B9A8-4EF7-99A0-555DBB741FEA}.Release|Any CPU.ActiveCfg = Release|Any CPU
		{35D283E6-B9A8-4EF7-99A0-555DBB741FEA}.Release|Any CPU.Build.0 = Release|Any CPU
		{DC562194-EB4D-48F2-B96D-52716D526AB8}.Debug|Any CPU.ActiveCfg = Debug|Any CPU
		{DC562194-EB4D-48F2-B96D-52716D526AB8}.Debug|Any CPU.Build.0 = Debug|Any CPU
		{DC562194-EB4D-48F2-B96D-52716D526AB8}.Release|Any CPU.ActiveCfg = Release|Any CPU
		{DC562194-EB4D-48F2-B96D-52716D526AB8}.Release|Any CPU.Build.0 = Release|Any CPU
		{98CC10C4-2AFE-4C46-AB85-B7DCB503B48A}.Debug|Any CPU.ActiveCfg = Debug|Any CPU
		{98CC10C4-2AFE-4C46-AB85-B7DCB503B48A}.Debug|Any CPU.Build.0 = Debug|Any CPU
		{98CC10C4-2AFE-4C46-AB85-B7DCB503B48A}.Release|Any CPU.ActiveCfg = Release|Any CPU
		{98CC10C4-2AFE-4C46-AB85-B7DCB503B48A}.Release|Any CPU.Build.0 = Release|Any CPU
	EndGlobalSection
	GlobalSection(SolutionProperties) = preSolution
		HideSolutionNode = FALSE
	EndGlobalSection
	GlobalSection(NestedProjects) = preSolution
		{D14CCA86-C8FA-4F96-A92B-9CF454C485B1} = {418DF181-8405-4B69-8B32-FBEEFACADAC6}
		{585E184E-0F14-4456-B542-9AECFAB96A15} = {418DF181-8405-4B69-8B32-FBEEFACADAC6}
		{DC562194-EB4D-48F2-B96D-52716D526AB8} = {B7EB5CD3-41B5-4666-89BD-E3565DA18744}
		{C6CF4A49-70F0-47B5-993D-A782197BE815} = {359F68C9-18C8-435C-9573-A5C7CBD0ADE0}
		{98CC10C4-2AFE-4C46-AB85-B7DCB503B48A} = {B7EB5CD3-41B5-4666-89BD-E3565DA18744}
		{C575A73C-5846-44B8-9420-493D82B900DD} = {C6CF4A49-70F0-47B5-993D-A782197BE815}
	EndGlobalSection
	GlobalSection(ExtensibilityGlobals) = postSolution
		SolutionGuid = {A1B8AB62-9337-448C-9043-E0DEDB6A4DE9}
	EndGlobalSection
EndGlobal
